// !$*UTF8*$!
{
	archiveVersion = 1;
	classes = {
	};
	objectVersion = 51;
	objects = {

/* Begin PBXBuildFile section */
		3502440F2347205E00F613E3 /* R.generated.swift in Sources */ = {isa = PBXBuildFile; fileRef = 3502440E2347205E00F613E3 /* R.generated.swift */; };
		3502441223472DAC00F613E3 /* RegisterNameViewController.swift in Sources */ = {isa = PBXBuildFile; fileRef = 3502441123472DAC00F613E3 /* RegisterNameViewController.swift */; };
		3515E3BE234C302800DCE755 /* BaseRequest.swift in Sources */ = {isa = PBXBuildFile; fileRef = 3515E3BD234C302800DCE755 /* BaseRequest.swift */; };
		3515E3C0234C305900DCE755 /* NetworkService.swift in Sources */ = {isa = PBXBuildFile; fileRef = 3515E3BF234C305900DCE755 /* NetworkService.swift */; };
		35469178234ADBE000522802 /* InitialNavigationViewController.swift in Sources */ = {isa = PBXBuildFile; fileRef = 35469177234ADBE000522802 /* InitialNavigationViewController.swift */; };
		3546917A234ADF0D00522802 /* RegisterEmailViewController.swift in Sources */ = {isa = PBXBuildFile; fileRef = 35469179234ADF0D00522802 /* RegisterEmailViewController.swift */; };
		3546917D234AE7F900522802 /* RegisterUser.swift in Sources */ = {isa = PBXBuildFile; fileRef = 3546917C234AE7F900522802 /* RegisterUser.swift */; };
		35469180234AF11800522802 /* RegisterViewModel.swift in Sources */ = {isa = PBXBuildFile; fileRef = 3546917F234AF11800522802 /* RegisterViewModel.swift */; };
		35469182234AF14200522802 /* InitialViewModel.swift in Sources */ = {isa = PBXBuildFile; fileRef = 35469181234AF14200522802 /* InitialViewModel.swift */; };
		35469184234B21E600522802 /* NSNotification+extension.swift in Sources */ = {isa = PBXBuildFile; fileRef = 35469183234B21E600522802 /* NSNotification+extension.swift */; };
		356967752345BE80009B84BA /* AppDelegate.swift in Sources */ = {isa = PBXBuildFile; fileRef = 356967742345BE80009B84BA /* AppDelegate.swift */; };
		356967772345BE80009B84BA /* SceneDelegate.swift in Sources */ = {isa = PBXBuildFile; fileRef = 356967762345BE80009B84BA /* SceneDelegate.swift */; };
		356967792345BE80009B84BA /* InitialViewController.swift in Sources */ = {isa = PBXBuildFile; fileRef = 356967782345BE80009B84BA /* InitialViewController.swift */; };
		3569677C2345BE80009B84BA /* Main.storyboard in Resources */ = {isa = PBXBuildFile; fileRef = 3569677A2345BE80009B84BA /* Main.storyboard */; };
		3569677E2345BE83009B84BA /* Assets.xcassets in Resources */ = {isa = PBXBuildFile; fileRef = 3569677D2345BE83009B84BA /* Assets.xcassets */; };
		356967812345BE83009B84BA /* LaunchScreen.storyboard in Resources */ = {isa = PBXBuildFile; fileRef = 3569677F2345BE83009B84BA /* LaunchScreen.storyboard */; };
		3569678C2345BE83009B84BA /* buddeeV2Tests.swift in Sources */ = {isa = PBXBuildFile; fileRef = 3569678B2345BE83009B84BA /* buddeeV2Tests.swift */; };
		356967972345C2B4009B84BA /* UIColor+extension.swift in Sources */ = {isa = PBXBuildFile; fileRef = 356967962345C2B4009B84BA /* UIColor+extension.swift */; };
		3569679A2345E3E9009B84BA /* SlideView.xib in Resources */ = {isa = PBXBuildFile; fileRef = 356967992345E3E9009B84BA /* SlideView.xib */; };
		3569679C2345E402009B84BA /* SlideView.swift in Sources */ = {isa = PBXBuildFile; fileRef = 3569679B2345E402009B84BA /* SlideView.swift */; };
		3569679F2346EA37009B84BA /* UIButton+extension.swift in Sources */ = {isa = PBXBuildFile; fileRef = 3569679E2346EA37009B84BA /* UIButton+extension.swift */; };
		356967AB2346F5CA009B84BA /* montserrat_bold.otf in Resources */ = {isa = PBXBuildFile; fileRef = 356967A62346F5B4009B84BA /* montserrat_bold.otf */; };
		356967AC2346F5CA009B84BA /* montserrat_light.otf in Resources */ = {isa = PBXBuildFile; fileRef = 356967A72346F5B9009B84BA /* montserrat_light.otf */; };
		356967AD2346F5CA009B84BA /* montserrat_medium.otf in Resources */ = {isa = PBXBuildFile; fileRef = 356967A82346F5B9009B84BA /* montserrat_medium.otf */; };
		356967AE2346F5CA009B84BA /* montserrat_regular.otf in Resources */ = {isa = PBXBuildFile; fileRef = 356967A92346F5B9009B84BA /* montserrat_regular.otf */; };
		356967B023470EF2009B84BA /* LoginViewController.swift in Sources */ = {isa = PBXBuildFile; fileRef = 356967AF23470EF2009B84BA /* LoginViewController.swift */; };
		359D4F162347142300902723 /* UIViewController+extension.swift in Sources */ = {isa = PBXBuildFile; fileRef = 359D4F152347142300902723 /* UIViewController+extension.swift */; };
		35A40BDD234C3B6F00C900B7 /* UINavigationController+extension.swift in Sources */ = {isa = PBXBuildFile; fileRef = 35A40BDC234C3B6F00C900B7 /* UINavigationController+extension.swift */; };
		35A40BE0234C5D7700C900B7 /* AlertHelper.swift in Sources */ = {isa = PBXBuildFile; fileRef = 35A40BDF234C5D7700C900B7 /* AlertHelper.swift */; };
		35A40BE2234C6AAA00C900B7 /* RegisterResponse.swift in Sources */ = {isa = PBXBuildFile; fileRef = 35A40BE1234C6AAA00C900B7 /* RegisterResponse.swift */; };
		35A40BE4234C6FE700C900B7 /* RegistrationRequest.swift in Sources */ = {isa = PBXBuildFile; fileRef = 35A40BE3234C6FE700C900B7 /* RegistrationRequest.swift */; };
		35D14E0D234C3291003E07DD /* LoginRequest.swift in Sources */ = {isa = PBXBuildFile; fileRef = 35D14E0C234C3291003E07DD /* LoginRequest.swift */; };
		35D14E0F234C3321003E07DD /* BuddeeAPI.swift in Sources */ = {isa = PBXBuildFile; fileRef = 35D14E0E234C3321003E07DD /* BuddeeAPI.swift */; };
		35D14E13234C3417003E07DD /* LoginResponse.swift in Sources */ = {isa = PBXBuildFile; fileRef = 35D14E12234C3416003E07DD /* LoginResponse.swift */; };
		35D14E15234C345E003E07DD /* BuddeeNetworkService.swift in Sources */ = {isa = PBXBuildFile; fileRef = 35D14E14234C345E003E07DD /* BuddeeNetworkService.swift */; };
		728377F3EFA72E5358D3A2DE /* Pods_buddeeV2Tests.framework in Frameworks */ = {isa = PBXBuildFile; fileRef = 7EACBD59CC91D47F8245963E /* Pods_buddeeV2Tests.framework */; };
		D3D1A9821FF02AA9AAA04AE6 /* Pods_buddeeV2.framework in Frameworks */ = {isa = PBXBuildFile; fileRef = 460E0948EE26BA786393763F /* Pods_buddeeV2.framework */; };
/* End PBXBuildFile section */

/* Begin PBXContainerItemProxy section */
		356967882345BE83009B84BA /* PBXContainerItemProxy */ = {
			isa = PBXContainerItemProxy;
			containerPortal = 356967692345BE80009B84BA /* Project object */;
			proxyType = 1;
			remoteGlobalIDString = 356967702345BE80009B84BA;
			remoteInfo = buddeeV2;
		};
/* End PBXContainerItemProxy section */

/* Begin PBXFileReference section */
		30EF423A12B2CF3CC94AFE4A /* Pods-buddeeV2.debug.xcconfig */ = {isa = PBXFileReference; includeInIndex = 1; lastKnownFileType = text.xcconfig; name = "Pods-buddeeV2.debug.xcconfig"; path = "Target Support Files/Pods-buddeeV2/Pods-buddeeV2.debug.xcconfig"; sourceTree = "<group>"; };
		3502440E2347205E00F613E3 /* R.generated.swift */ = {isa = PBXFileReference; fileEncoding = 4; lastKnownFileType = sourcecode.swift; path = R.generated.swift; sourceTree = SOURCE_ROOT; };
		3502441123472DAC00F613E3 /* RegisterNameViewController.swift */ = {isa = PBXFileReference; lastKnownFileType = sourcecode.swift; path = RegisterNameViewController.swift; sourceTree = "<group>"; };
		3515E3BD234C302800DCE755 /* BaseRequest.swift */ = {isa = PBXFileReference; lastKnownFileType = sourcecode.swift; path = BaseRequest.swift; sourceTree = "<group>"; };
		3515E3BF234C305900DCE755 /* NetworkService.swift */ = {isa = PBXFileReference; lastKnownFileType = sourcecode.swift; path = NetworkService.swift; sourceTree = "<group>"; };
		35469177234ADBE000522802 /* InitialNavigationViewController.swift */ = {isa = PBXFileReference; lastKnownFileType = sourcecode.swift; path = InitialNavigationViewController.swift; sourceTree = "<group>"; };
		35469179234ADF0D00522802 /* RegisterEmailViewController.swift */ = {isa = PBXFileReference; lastKnownFileType = sourcecode.swift; path = RegisterEmailViewController.swift; sourceTree = "<group>"; };
		3546917C234AE7F900522802 /* RegisterUser.swift */ = {isa = PBXFileReference; lastKnownFileType = sourcecode.swift; path = RegisterUser.swift; sourceTree = "<group>"; };
		3546917F234AF11800522802 /* RegisterViewModel.swift */ = {isa = PBXFileReference; lastKnownFileType = sourcecode.swift; path = RegisterViewModel.swift; sourceTree = "<group>"; };
		35469181234AF14200522802 /* InitialViewModel.swift */ = {isa = PBXFileReference; lastKnownFileType = sourcecode.swift; path = InitialViewModel.swift; sourceTree = "<group>"; };
		35469183234B21E600522802 /* NSNotification+extension.swift */ = {isa = PBXFileReference; lastKnownFileType = sourcecode.swift; path = "NSNotification+extension.swift"; sourceTree = "<group>"; };
		356967712345BE80009B84BA /* buddeeV2.app */ = {isa = PBXFileReference; explicitFileType = wrapper.application; includeInIndex = 0; path = buddeeV2.app; sourceTree = BUILT_PRODUCTS_DIR; };
		356967742345BE80009B84BA /* AppDelegate.swift */ = {isa = PBXFileReference; lastKnownFileType = sourcecode.swift; path = AppDelegate.swift; sourceTree = "<group>"; };
		356967762345BE80009B84BA /* SceneDelegate.swift */ = {isa = PBXFileReference; lastKnownFileType = sourcecode.swift; path = SceneDelegate.swift; sourceTree = "<group>"; };
		356967782345BE80009B84BA /* InitialViewController.swift */ = {isa = PBXFileReference; lastKnownFileType = sourcecode.swift; path = InitialViewController.swift; sourceTree = "<group>"; };
		3569677B2345BE80009B84BA /* Base */ = {isa = PBXFileReference; lastKnownFileType = file.storyboard; name = Base; path = Base.lproj/Main.storyboard; sourceTree = "<group>"; };
		3569677D2345BE83009B84BA /* Assets.xcassets */ = {isa = PBXFileReference; lastKnownFileType = folder.assetcatalog; path = Assets.xcassets; sourceTree = "<group>"; };
		356967802345BE83009B84BA /* Base */ = {isa = PBXFileReference; lastKnownFileType = file.storyboard; name = Base; path = Base.lproj/LaunchScreen.storyboard; sourceTree = "<group>"; };
		356967822345BE83009B84BA /* Info.plist */ = {isa = PBXFileReference; lastKnownFileType = text.plist.xml; path = Info.plist; sourceTree = "<group>"; };
		356967872345BE83009B84BA /* buddeeV2Tests.xctest */ = {isa = PBXFileReference; explicitFileType = wrapper.cfbundle; includeInIndex = 0; path = buddeeV2Tests.xctest; sourceTree = BUILT_PRODUCTS_DIR; };
		3569678B2345BE83009B84BA /* buddeeV2Tests.swift */ = {isa = PBXFileReference; lastKnownFileType = sourcecode.swift; path = buddeeV2Tests.swift; sourceTree = "<group>"; };
		3569678D2345BE83009B84BA /* Info.plist */ = {isa = PBXFileReference; lastKnownFileType = text.plist.xml; path = Info.plist; sourceTree = "<group>"; };
		356967962345C2B4009B84BA /* UIColor+extension.swift */ = {isa = PBXFileReference; lastKnownFileType = sourcecode.swift; name = "UIColor+extension.swift"; path = "../UIColor+extension.swift"; sourceTree = "<group>"; };
		356967992345E3E9009B84BA /* SlideView.xib */ = {isa = PBXFileReference; lastKnownFileType = file.xib; path = SlideView.xib; sourceTree = "<group>"; };
		3569679B2345E402009B84BA /* SlideView.swift */ = {isa = PBXFileReference; lastKnownFileType = sourcecode.swift; path = SlideView.swift; sourceTree = "<group>"; };
		3569679E2346EA37009B84BA /* UIButton+extension.swift */ = {isa = PBXFileReference; lastKnownFileType = sourcecode.swift; path = "UIButton+extension.swift"; sourceTree = "<group>"; };
		356967A62346F5B4009B84BA /* montserrat_bold.otf */ = {isa = PBXFileReference; lastKnownFileType = file; path = montserrat_bold.otf; sourceTree = "<group>"; };
		356967A72346F5B9009B84BA /* montserrat_light.otf */ = {isa = PBXFileReference; lastKnownFileType = file; path = montserrat_light.otf; sourceTree = "<group>"; };
		356967A82346F5B9009B84BA /* montserrat_medium.otf */ = {isa = PBXFileReference; lastKnownFileType = file; path = montserrat_medium.otf; sourceTree = "<group>"; };
		356967A92346F5B9009B84BA /* montserrat_regular.otf */ = {isa = PBXFileReference; lastKnownFileType = file; path = montserrat_regular.otf; sourceTree = "<group>"; };
		356967AF23470EF2009B84BA /* LoginViewController.swift */ = {isa = PBXFileReference; lastKnownFileType = sourcecode.swift; path = LoginViewController.swift; sourceTree = "<group>"; };
		359D4F152347142300902723 /* UIViewController+extension.swift */ = {isa = PBXFileReference; lastKnownFileType = sourcecode.swift; path = "UIViewController+extension.swift"; sourceTree = "<group>"; };
		35A40BDC234C3B6F00C900B7 /* UINavigationController+extension.swift */ = {isa = PBXFileReference; lastKnownFileType = sourcecode.swift; path = "UINavigationController+extension.swift"; sourceTree = "<group>"; };
		35A40BDF234C5D7700C900B7 /* AlertHelper.swift */ = {isa = PBXFileReference; lastKnownFileType = sourcecode.swift; path = AlertHelper.swift; sourceTree = "<group>"; };
		35A40BE1234C6AAA00C900B7 /* RegisterResponse.swift */ = {isa = PBXFileReference; lastKnownFileType = sourcecode.swift; path = RegisterResponse.swift; sourceTree = "<group>"; };
		35A40BE3234C6FE700C900B7 /* RegistrationRequest.swift */ = {isa = PBXFileReference; lastKnownFileType = sourcecode.swift; path = RegistrationRequest.swift; sourceTree = "<group>"; };
		35D14E0C234C3291003E07DD /* LoginRequest.swift */ = {isa = PBXFileReference; lastKnownFileType = sourcecode.swift; path = LoginRequest.swift; sourceTree = "<group>"; };
		35D14E0E234C3321003E07DD /* BuddeeAPI.swift */ = {isa = PBXFileReference; lastKnownFileType = sourcecode.swift; path = BuddeeAPI.swift; sourceTree = "<group>"; };
		35D14E12234C3416003E07DD /* LoginResponse.swift */ = {isa = PBXFileReference; lastKnownFileType = sourcecode.swift; path = LoginResponse.swift; sourceTree = "<group>"; };
		35D14E14234C345E003E07DD /* BuddeeNetworkService.swift */ = {isa = PBXFileReference; lastKnownFileType = sourcecode.swift; path = BuddeeNetworkService.swift; sourceTree = "<group>"; };
		460E0948EE26BA786393763F /* Pods_buddeeV2.framework */ = {isa = PBXFileReference; explicitFileType = wrapper.framework; includeInIndex = 0; path = Pods_buddeeV2.framework; sourceTree = BUILT_PRODUCTS_DIR; };
		7EACBD59CC91D47F8245963E /* Pods_buddeeV2Tests.framework */ = {isa = PBXFileReference; explicitFileType = wrapper.framework; includeInIndex = 0; path = Pods_buddeeV2Tests.framework; sourceTree = BUILT_PRODUCTS_DIR; };
		AD38EA7CF9BDEBC51413E930 /* Pods-buddeeV2Tests.release.xcconfig */ = {isa = PBXFileReference; includeInIndex = 1; lastKnownFileType = text.xcconfig; name = "Pods-buddeeV2Tests.release.xcconfig"; path = "Target Support Files/Pods-buddeeV2Tests/Pods-buddeeV2Tests.release.xcconfig"; sourceTree = "<group>"; };
		AEE9C2A36912E2E88FDBAD59 /* Pods-buddeeV2Tests.debug.xcconfig */ = {isa = PBXFileReference; includeInIndex = 1; lastKnownFileType = text.xcconfig; name = "Pods-buddeeV2Tests.debug.xcconfig"; path = "Target Support Files/Pods-buddeeV2Tests/Pods-buddeeV2Tests.debug.xcconfig"; sourceTree = "<group>"; };
		F7AA491927A1E9C01220000F /* Pods-buddeeV2.release.xcconfig */ = {isa = PBXFileReference; includeInIndex = 1; lastKnownFileType = text.xcconfig; name = "Pods-buddeeV2.release.xcconfig"; path = "Target Support Files/Pods-buddeeV2/Pods-buddeeV2.release.xcconfig"; sourceTree = "<group>"; };
/* End PBXFileReference section */

/* Begin PBXFrameworksBuildPhase section */
		3569676E2345BE80009B84BA /* Frameworks */ = {
			isa = PBXFrameworksBuildPhase;
			buildActionMask = 2147483647;
			files = (
				D3D1A9821FF02AA9AAA04AE6 /* Pods_buddeeV2.framework in Frameworks */,
			);
			runOnlyForDeploymentPostprocessing = 0;
		};
		356967842345BE83009B84BA /* Frameworks */ = {
			isa = PBXFrameworksBuildPhase;
			buildActionMask = 2147483647;
			files = (
				728377F3EFA72E5358D3A2DE /* Pods_buddeeV2Tests.framework in Frameworks */,
			);
			runOnlyForDeploymentPostprocessing = 0;
		};
/* End PBXFrameworksBuildPhase section */

/* Begin PBXGroup section */
		32FE024277205FB3EA40A131 /* Pods */ = {
			isa = PBXGroup;
			children = (
				30EF423A12B2CF3CC94AFE4A /* Pods-buddeeV2.debug.xcconfig */,
				F7AA491927A1E9C01220000F /* Pods-buddeeV2.release.xcconfig */,
				AEE9C2A36912E2E88FDBAD59 /* Pods-buddeeV2Tests.debug.xcconfig */,
				AD38EA7CF9BDEBC51413E930 /* Pods-buddeeV2Tests.release.xcconfig */,
			);
			path = Pods;
			sourceTree = "<group>";
		};
		350244102347211E00F613E3 /* Controller */ = {
			isa = PBXGroup;
			children = (
				356967782345BE80009B84BA /* InitialViewController.swift */,
				356967AF23470EF2009B84BA /* LoginViewController.swift */,
				3502441123472DAC00F613E3 /* RegisterNameViewController.swift */,
				35469177234ADBE000522802 /* InitialNavigationViewController.swift */,
				35469179234ADF0D00522802 /* RegisterEmailViewController.swift */,
			);
			path = Controller;
			sourceTree = "<group>";
		};
		3515E3BC234C2FEF00DCE755 /* Network */ = {
			isa = PBXGroup;
			children = (
				3515E3BD234C302800DCE755 /* BaseRequest.swift */,
				3515E3BF234C305900DCE755 /* NetworkService.swift */,
			);
			path = Network;
			sourceTree = "<group>";
		};
		3546917B234AE7EA00522802 /* Model */ = {
			isa = PBXGroup;
			children = (
				3546917C234AE7F900522802 /* RegisterUser.swift */,
			);
			path = Model;
			sourceTree = "<group>";
		};
		3546917E234AF10600522802 /* ViewModel */ = {
			isa = PBXGroup;
			children = (
				3546917F234AF11800522802 /* RegisterViewModel.swift */,
				35469181234AF14200522802 /* InitialViewModel.swift */,
			);
			path = ViewModel;
			sourceTree = "<group>";
		};
		356967682345BE80009B84BA = {
			isa = PBXGroup;
			children = (
				356967732345BE80009B84BA /* buddeeV2 */,
				3569678A2345BE83009B84BA /* buddeeV2Tests */,
				356967722345BE80009B84BA /* Products */,
				32FE024277205FB3EA40A131 /* Pods */,
				9F657EFC5A0E815E468D4A14 /* Frameworks */,
			);
			sourceTree = "<group>";
		};
		356967722345BE80009B84BA /* Products */ = {
			isa = PBXGroup;
			children = (
				356967712345BE80009B84BA /* buddeeV2.app */,
				356967872345BE83009B84BA /* buddeeV2Tests.xctest */,
			);
			name = Products;
			sourceTree = "<group>";
		};
		356967732345BE80009B84BA /* buddeeV2 */ = {
			isa = PBXGroup;
			children = (
				35A40BDE234C5D6A00C900B7 /* Utility */,
				35D14E0B234C320F003E07DD /* BuddeeAPI */,
				3515E3BC234C2FEF00DCE755 /* Network */,
				3546917E234AF10600522802 /* ViewModel */,
				3546917B234AE7EA00522802 /* Model */,
				350244102347211E00F613E3 /* Controller */,
				356967AA2346F5C1009B84BA /* Font */,
				3569679D2346EA16009B84BA /* Extension */,
				356967982345E3D1009B84BA /* View */,
				356967742345BE80009B84BA /* AppDelegate.swift */,
				356967762345BE80009B84BA /* SceneDelegate.swift */,
				3569677A2345BE80009B84BA /* Main.storyboard */,
				3569677D2345BE83009B84BA /* Assets.xcassets */,
				3502440E2347205E00F613E3 /* R.generated.swift */,
				3569677F2345BE83009B84BA /* LaunchScreen.storyboard */,
				356967822345BE83009B84BA /* Info.plist */,
			);
			path = buddeeV2;
			sourceTree = "<group>";
		};
		3569678A2345BE83009B84BA /* buddeeV2Tests */ = {
			isa = PBXGroup;
			children = (
				3569678B2345BE83009B84BA /* buddeeV2Tests.swift */,
				3569678D2345BE83009B84BA /* Info.plist */,
			);
			path = buddeeV2Tests;
			sourceTree = "<group>";
		};
		356967982345E3D1009B84BA /* View */ = {
			isa = PBXGroup;
			children = (
				356967992345E3E9009B84BA /* SlideView.xib */,
				3569679B2345E402009B84BA /* SlideView.swift */,
			);
			path = View;
			sourceTree = "<group>";
		};
		3569679D2346EA16009B84BA /* Extension */ = {
			isa = PBXGroup;
			children = (
				356967962345C2B4009B84BA /* UIColor+extension.swift */,
				3569679E2346EA37009B84BA /* UIButton+extension.swift */,
				359D4F152347142300902723 /* UIViewController+extension.swift */,
				35469183234B21E600522802 /* NSNotification+extension.swift */,
				35A40BDC234C3B6F00C900B7 /* UINavigationController+extension.swift */,
			);
			path = Extension;
			sourceTree = "<group>";
		};
		356967AA2346F5C1009B84BA /* Font */ = {
			isa = PBXGroup;
			children = (
				356967A62346F5B4009B84BA /* montserrat_bold.otf */,
				356967A72346F5B9009B84BA /* montserrat_light.otf */,
				356967A82346F5B9009B84BA /* montserrat_medium.otf */,
				356967A92346F5B9009B84BA /* montserrat_regular.otf */,
			);
			path = Font;
			sourceTree = "<group>";
		};
		35A40BDE234C5D6A00C900B7 /* Utility */ = {
			isa = PBXGroup;
			children = (
				35A40BDF234C5D7700C900B7 /* AlertHelper.swift */,
			);
			path = Utility;
			sourceTree = "<group>";
		};
		35D14E0B234C320F003E07DD /* BuddeeAPI */ = {
			isa = PBXGroup;
			children = (
				35D14E16234C3541003E07DD /* Request */,
				35D14E11234C33FA003E07DD /* Response */,
				35D14E0E234C3321003E07DD /* BuddeeAPI.swift */,
				35D14E14234C345E003E07DD /* BuddeeNetworkService.swift */,
			);
			path = BuddeeAPI;
			sourceTree = "<group>";
		};
		35D14E11234C33FA003E07DD /* Response */ = {
			isa = PBXGroup;
			children = (
				35D14E12234C3416003E07DD /* LoginResponse.swift */,
				35A40BE1234C6AAA00C900B7 /* RegisterResponse.swift */,
			);
			path = Response;
			sourceTree = "<group>";
		};
		35D14E16234C3541003E07DD /* Request */ = {
			isa = PBXGroup;
			children = (
				35D14E0C234C3291003E07DD /* LoginRequest.swift */,
				35A40BE3234C6FE700C900B7 /* RegistrationRequest.swift */,
			);
			path = Request;
			sourceTree = "<group>";
		};
		9F657EFC5A0E815E468D4A14 /* Frameworks */ = {
			isa = PBXGroup;
			children = (
				460E0948EE26BA786393763F /* Pods_buddeeV2.framework */,
				7EACBD59CC91D47F8245963E /* Pods_buddeeV2Tests.framework */,
			);
			name = Frameworks;
			sourceTree = "<group>";
		};
/* End PBXGroup section */

/* Begin PBXNativeTarget section */
		356967702345BE80009B84BA /* buddeeV2 */ = {
			isa = PBXNativeTarget;
			buildConfigurationList = 356967902345BE83009B84BA /* Build configuration list for PBXNativeTarget "buddeeV2" */;
			buildPhases = (
				5D2F73E7CA52AD90ED1D4D95 /* [CP] Check Pods Manifest.lock */,
				3502440D23471F0300F613E3 /* R.Swift */,
				3569676D2345BE80009B84BA /* Sources */,
				3569676E2345BE80009B84BA /* Frameworks */,
				3569676F2345BE80009B84BA /* Resources */,
				81D3B3445517CA6B78BCEDE4 /* [CP] Embed Pods Frameworks */,
			);
			buildRules = (
			);
			dependencies = (
			);
			name = buddeeV2;
			productName = buddeeV2;
			productReference = 356967712345BE80009B84BA /* buddeeV2.app */;
			productType = "com.apple.product-type.application";
		};
		356967862345BE83009B84BA /* buddeeV2Tests */ = {
			isa = PBXNativeTarget;
			buildConfigurationList = 356967932345BE83009B84BA /* Build configuration list for PBXNativeTarget "buddeeV2Tests" */;
			buildPhases = (
				FF3DFE1F3E4516D23D107AA4 /* [CP] Check Pods Manifest.lock */,
				356967832345BE83009B84BA /* Sources */,
				356967842345BE83009B84BA /* Frameworks */,
				356967852345BE83009B84BA /* Resources */,
				1DFDB9AFD803EB61D15D2E04 /* [CP] Embed Pods Frameworks */,
			);
			buildRules = (
			);
			dependencies = (
				356967892345BE83009B84BA /* PBXTargetDependency */,
			);
			name = buddeeV2Tests;
			productName = buddeeV2Tests;
			productReference = 356967872345BE83009B84BA /* buddeeV2Tests.xctest */;
			productType = "com.apple.product-type.bundle.unit-test";
		};
/* End PBXNativeTarget section */

/* Begin PBXProject section */
		356967692345BE80009B84BA /* Project object */ = {
			isa = PBXProject;
			attributes = {
				LastSwiftUpdateCheck = 1100;
				LastUpgradeCheck = 1100;
				ORGANIZATIONNAME = jlrivera;
				TargetAttributes = {
					356967702345BE80009B84BA = {
						CreatedOnToolsVersion = 11.0;
					};
					356967862345BE83009B84BA = {
						CreatedOnToolsVersion = 11.0;
						TestTargetID = 356967702345BE80009B84BA;
					};
				};
			};
			buildConfigurationList = 3569676C2345BE80009B84BA /* Build configuration list for PBXProject "buddeeV2" */;
			compatibilityVersion = "Xcode 9.3";
			developmentRegion = en;
			hasScannedForEncodings = 0;
			knownRegions = (
				en,
				Base,
			);
			mainGroup = 356967682345BE80009B84BA;
			productRefGroup = 356967722345BE80009B84BA /* Products */;
			projectDirPath = "";
			projectRoot = "";
			targets = (
				356967702345BE80009B84BA /* buddeeV2 */,
				356967862345BE83009B84BA /* buddeeV2Tests */,
			);
		};
/* End PBXProject section */

/* Begin PBXResourcesBuildPhase section */
		3569676F2345BE80009B84BA /* Resources */ = {
			isa = PBXResourcesBuildPhase;
			buildActionMask = 2147483647;
			files = (
				356967AD2346F5CA009B84BA /* montserrat_medium.otf in Resources */,
				356967812345BE83009B84BA /* LaunchScreen.storyboard in Resources */,
				356967AB2346F5CA009B84BA /* montserrat_bold.otf in Resources */,
				3569677E2345BE83009B84BA /* Assets.xcassets in Resources */,
				356967AC2346F5CA009B84BA /* montserrat_light.otf in Resources */,
				356967AE2346F5CA009B84BA /* montserrat_regular.otf in Resources */,
				3569677C2345BE80009B84BA /* Main.storyboard in Resources */,
				3569679A2345E3E9009B84BA /* SlideView.xib in Resources */,
			);
			runOnlyForDeploymentPostprocessing = 0;
		};
		356967852345BE83009B84BA /* Resources */ = {
			isa = PBXResourcesBuildPhase;
			buildActionMask = 2147483647;
			files = (
			);
			runOnlyForDeploymentPostprocessing = 0;
		};
/* End PBXResourcesBuildPhase section */

/* Begin PBXShellScriptBuildPhase section */
		1DFDB9AFD803EB61D15D2E04 /* [CP] Embed Pods Frameworks */ = {
			isa = PBXShellScriptBuildPhase;
			buildActionMask = 2147483647;
			files = (
			);
			inputFileListPaths = (
				"${PODS_ROOT}/Target Support Files/Pods-buddeeV2Tests/Pods-buddeeV2Tests-frameworks-${CONFIGURATION}-input-files.xcfilelist",
			);
			name = "[CP] Embed Pods Frameworks";
			outputFileListPaths = (
				"${PODS_ROOT}/Target Support Files/Pods-buddeeV2Tests/Pods-buddeeV2Tests-frameworks-${CONFIGURATION}-output-files.xcfilelist",
			);
			runOnlyForDeploymentPostprocessing = 0;
			shellPath = /bin/sh;
			shellScript = "\"${PODS_ROOT}/Target Support Files/Pods-buddeeV2Tests/Pods-buddeeV2Tests-frameworks.sh\"\n";
			showEnvVarsInLog = 0;
		};
		3502440D23471F0300F613E3 /* R.Swift */ = {
			isa = PBXShellScriptBuildPhase;
			buildActionMask = 12;
			files = (
			);
			inputFileListPaths = (
			);
			inputPaths = (
				"$TEMP_DIR/rswift-lastrun",
			);
			name = R.Swift;
			outputFileListPaths = (
			);
			outputPaths = (
				$SRCROOT/R.generated.swift,
			);
			runOnlyForDeploymentPostprocessing = 0;
			shellPath = /bin/sh;
			shellScript = "\"$PODS_ROOT/R.swift/rswift\" generate \"$SRCROOT/R.generated.swift\"\n";
		};
		5D2F73E7CA52AD90ED1D4D95 /* [CP] Check Pods Manifest.lock */ = {
			isa = PBXShellScriptBuildPhase;
			buildActionMask = 2147483647;
			files = (
			);
			inputFileListPaths = (
			);
			inputPaths = (
				"${PODS_PODFILE_DIR_PATH}/Podfile.lock",
				"${PODS_ROOT}/Manifest.lock",
			);
			name = "[CP] Check Pods Manifest.lock";
			outputFileListPaths = (
			);
			outputPaths = (
				"$(DERIVED_FILE_DIR)/Pods-buddeeV2-checkManifestLockResult.txt",
			);
			runOnlyForDeploymentPostprocessing = 0;
			shellPath = /bin/sh;
			shellScript = "diff \"${PODS_PODFILE_DIR_PATH}/Podfile.lock\" \"${PODS_ROOT}/Manifest.lock\" > /dev/null\nif [ $? != 0 ] ; then\n    # print error to STDERR\n    echo \"error: The sandbox is not in sync with the Podfile.lock. Run 'pod install' or update your CocoaPods installation.\" >&2\n    exit 1\nfi\n# This output is used by Xcode 'outputs' to avoid re-running this script phase.\necho \"SUCCESS\" > \"${SCRIPT_OUTPUT_FILE_0}\"\n";
			showEnvVarsInLog = 0;
		};
		81D3B3445517CA6B78BCEDE4 /* [CP] Embed Pods Frameworks */ = {
			isa = PBXShellScriptBuildPhase;
			buildActionMask = 2147483647;
			files = (
			);
			inputFileListPaths = (
				"${PODS_ROOT}/Target Support Files/Pods-buddeeV2/Pods-buddeeV2-frameworks-${CONFIGURATION}-input-files.xcfilelist",
			);
			name = "[CP] Embed Pods Frameworks";
			outputFileListPaths = (
				"${PODS_ROOT}/Target Support Files/Pods-buddeeV2/Pods-buddeeV2-frameworks-${CONFIGURATION}-output-files.xcfilelist",
			);
			runOnlyForDeploymentPostprocessing = 0;
			shellPath = /bin/sh;
			shellScript = "\"${PODS_ROOT}/Target Support Files/Pods-buddeeV2/Pods-buddeeV2-frameworks.sh\"\n";
			showEnvVarsInLog = 0;
		};
		FF3DFE1F3E4516D23D107AA4 /* [CP] Check Pods Manifest.lock */ = {
			isa = PBXShellScriptBuildPhase;
			buildActionMask = 2147483647;
			files = (
			);
			inputFileListPaths = (
			);
			inputPaths = (
				"${PODS_PODFILE_DIR_PATH}/Podfile.lock",
				"${PODS_ROOT}/Manifest.lock",
			);
			name = "[CP] Check Pods Manifest.lock";
			outputFileListPaths = (
			);
			outputPaths = (
				"$(DERIVED_FILE_DIR)/Pods-buddeeV2Tests-checkManifestLockResult.txt",
			);
			runOnlyForDeploymentPostprocessing = 0;
			shellPath = /bin/sh;
			shellScript = "diff \"${PODS_PODFILE_DIR_PATH}/Podfile.lock\" \"${PODS_ROOT}/Manifest.lock\" > /dev/null\nif [ $? != 0 ] ; then\n    # print error to STDERR\n    echo \"error: The sandbox is not in sync with the Podfile.lock. Run 'pod install' or update your CocoaPods installation.\" >&2\n    exit 1\nfi\n# This output is used by Xcode 'outputs' to avoid re-running this script phase.\necho \"SUCCESS\" > \"${SCRIPT_OUTPUT_FILE_0}\"\n";
			showEnvVarsInLog = 0;
		};
/* End PBXShellScriptBuildPhase section */

/* Begin PBXSourcesBuildPhase section */
		3569676D2345BE80009B84BA /* Sources */ = {
			isa = PBXSourcesBuildPhase;
			buildActionMask = 2147483647;
			files = (
				359D4F162347142300902723 /* UIViewController+extension.swift in Sources */,
				3502441223472DAC00F613E3 /* RegisterNameViewController.swift in Sources */,
				3515E3BE234C302800DCE755 /* BaseRequest.swift in Sources */,
				35469180234AF11800522802 /* RegisterViewModel.swift in Sources */,
				35A40BDD234C3B6F00C900B7 /* UINavigationController+extension.swift in Sources */,
				3515E3C0234C305900DCE755 /* NetworkService.swift in Sources */,
				35469178234ADBE000522802 /* InitialNavigationViewController.swift in Sources */,
				356967B023470EF2009B84BA /* LoginViewController.swift in Sources */,
				3502440F2347205E00F613E3 /* R.generated.swift in Sources */,
				356967792345BE80009B84BA /* InitialViewController.swift in Sources */,
				35D14E0F234C3321003E07DD /* BuddeeAPI.swift in Sources */,
				35A40BE4234C6FE700C900B7 /* RegistrationRequest.swift in Sources */,
				356967752345BE80009B84BA /* AppDelegate.swift in Sources */,
				356967772345BE80009B84BA /* SceneDelegate.swift in Sources */,
				35A40BE2234C6AAA00C900B7 /* RegisterResponse.swift in Sources */,
				35A40BE0234C5D7700C900B7 /* AlertHelper.swift in Sources */,
				35469184234B21E600522802 /* NSNotification+extension.swift in Sources */,
				3546917A234ADF0D00522802 /* RegisterEmailViewController.swift in Sources */,
				3546917D234AE7F900522802 /* RegisterUser.swift in Sources */,
				35D14E15234C345E003E07DD /* BuddeeNetworkService.swift in Sources */,
				35469182234AF14200522802 /* InitialViewModel.swift in Sources */,
				35D14E0D234C3291003E07DD /* LoginRequest.swift in Sources */,
				356967972345C2B4009B84BA /* UIColor+extension.swift in Sources */,
				3569679C2345E402009B84BA /* SlideView.swift in Sources */,
				3569679F2346EA37009B84BA /* UIButton+extension.swift in Sources */,
				35D14E13234C3417003E07DD /* LoginResponse.swift in Sources */,
			);
			runOnlyForDeploymentPostprocessing = 0;
		};
		356967832345BE83009B84BA /* Sources */ = {
			isa = PBXSourcesBuildPhase;
			buildActionMask = 2147483647;
			files = (
				3569678C2345BE83009B84BA /* buddeeV2Tests.swift in Sources */,
			);
			runOnlyForDeploymentPostprocessing = 0;
		};
/* End PBXSourcesBuildPhase section */

/* Begin PBXTargetDependency section */
		356967892345BE83009B84BA /* PBXTargetDependency */ = {
			isa = PBXTargetDependency;
			target = 356967702345BE80009B84BA /* buddeeV2 */;
			targetProxy = 356967882345BE83009B84BA /* PBXContainerItemProxy */;
		};
/* End PBXTargetDependency section */

/* Begin PBXVariantGroup section */
		3569677A2345BE80009B84BA /* Main.storyboard */ = {
			isa = PBXVariantGroup;
			children = (
				3569677B2345BE80009B84BA /* Base */,
			);
			name = Main.storyboard;
			sourceTree = "<group>";
		};
		3569677F2345BE83009B84BA /* LaunchScreen.storyboard */ = {
			isa = PBXVariantGroup;
			children = (
				356967802345BE83009B84BA /* Base */,
			);
			name = LaunchScreen.storyboard;
			sourceTree = "<group>";
		};
/* End PBXVariantGroup section */

/* Begin XCBuildConfiguration section */
		3569678E2345BE83009B84BA /* Debug */ = {
			isa = XCBuildConfiguration;
			buildSettings = {
				ALWAYS_SEARCH_USER_PATHS = NO;
				CLANG_ANALYZER_NONNULL = YES;
				CLANG_ANALYZER_NUMBER_OBJECT_CONVERSION = YES_AGGRESSIVE;
				CLANG_CXX_LANGUAGE_STANDARD = "gnu++14";
				CLANG_CXX_LIBRARY = "libc++";
				CLANG_ENABLE_MODULES = YES;
				CLANG_ENABLE_OBJC_ARC = YES;
				CLANG_ENABLE_OBJC_WEAK = YES;
				CLANG_WARN_BLOCK_CAPTURE_AUTORELEASING = YES;
				CLANG_WARN_BOOL_CONVERSION = YES;
				CLANG_WARN_COMMA = YES;
				CLANG_WARN_CONSTANT_CONVERSION = YES;
				CLANG_WARN_DEPRECATED_OBJC_IMPLEMENTATIONS = YES;
				CLANG_WARN_DIRECT_OBJC_ISA_USAGE = YES_ERROR;
				CLANG_WARN_DOCUMENTATION_COMMENTS = YES;
				CLANG_WARN_EMPTY_BODY = YES;
				CLANG_WARN_ENUM_CONVERSION = YES;
				CLANG_WARN_INFINITE_RECURSION = YES;
				CLANG_WARN_INT_CONVERSION = YES;
				CLANG_WARN_NON_LITERAL_NULL_CONVERSION = YES;
				CLANG_WARN_OBJC_IMPLICIT_RETAIN_SELF = YES;
				CLANG_WARN_OBJC_LITERAL_CONVERSION = YES;
				CLANG_WARN_OBJC_ROOT_CLASS = YES_ERROR;
				CLANG_WARN_RANGE_LOOP_ANALYSIS = YES;
				CLANG_WARN_STRICT_PROTOTYPES = YES;
				CLANG_WARN_SUSPICIOUS_MOVE = YES;
				CLANG_WARN_UNGUARDED_AVAILABILITY = YES_AGGRESSIVE;
				CLANG_WARN_UNREACHABLE_CODE = YES;
				CLANG_WARN__DUPLICATE_METHOD_MATCH = YES;
				COPY_PHASE_STRIP = NO;
				DEBUG_INFORMATION_FORMAT = dwarf;
				ENABLE_STRICT_OBJC_MSGSEND = YES;
				ENABLE_TESTABILITY = YES;
				GCC_C_LANGUAGE_STANDARD = gnu11;
				GCC_DYNAMIC_NO_PIC = NO;
				GCC_NO_COMMON_BLOCKS = YES;
				GCC_OPTIMIZATION_LEVEL = 0;
				GCC_PREPROCESSOR_DEFINITIONS = (
					"DEBUG=1",
					"$(inherited)",
				);
				GCC_WARN_64_TO_32_BIT_CONVERSION = YES;
				GCC_WARN_ABOUT_RETURN_TYPE = YES_ERROR;
				GCC_WARN_UNDECLARED_SELECTOR = YES;
				GCC_WARN_UNINITIALIZED_AUTOS = YES_AGGRESSIVE;
				GCC_WARN_UNUSED_FUNCTION = YES;
				GCC_WARN_UNUSED_VARIABLE = YES;
				IPHONEOS_DEPLOYMENT_TARGET = 13.0;
				MTL_ENABLE_DEBUG_INFO = INCLUDE_SOURCE;
				MTL_FAST_MATH = YES;
				ONLY_ACTIVE_ARCH = YES;
				SDKROOT = iphoneos;
				SWIFT_ACTIVE_COMPILATION_CONDITIONS = DEBUG;
				SWIFT_OPTIMIZATION_LEVEL = "-Onone";
			};
			name = Debug;
		};
		3569678F2345BE83009B84BA /* Release */ = {
			isa = XCBuildConfiguration;
			buildSettings = {
				ALWAYS_SEARCH_USER_PATHS = NO;
				CLANG_ANALYZER_NONNULL = YES;
				CLANG_ANALYZER_NUMBER_OBJECT_CONVERSION = YES_AGGRESSIVE;
				CLANG_CXX_LANGUAGE_STANDARD = "gnu++14";
				CLANG_CXX_LIBRARY = "libc++";
				CLANG_ENABLE_MODULES = YES;
				CLANG_ENABLE_OBJC_ARC = YES;
				CLANG_ENABLE_OBJC_WEAK = YES;
				CLANG_WARN_BLOCK_CAPTURE_AUTORELEASING = YES;
				CLANG_WARN_BOOL_CONVERSION = YES;
				CLANG_WARN_COMMA = YES;
				CLANG_WARN_CONSTANT_CONVERSION = YES;
				CLANG_WARN_DEPRECATED_OBJC_IMPLEMENTATIONS = YES;
				CLANG_WARN_DIRECT_OBJC_ISA_USAGE = YES_ERROR;
				CLANG_WARN_DOCUMENTATION_COMMENTS = YES;
				CLANG_WARN_EMPTY_BODY = YES;
				CLANG_WARN_ENUM_CONVERSION = YES;
				CLANG_WARN_INFINITE_RECURSION = YES;
				CLANG_WARN_INT_CONVERSION = YES;
				CLANG_WARN_NON_LITERAL_NULL_CONVERSION = YES;
				CLANG_WARN_OBJC_IMPLICIT_RETAIN_SELF = YES;
				CLANG_WARN_OBJC_LITERAL_CONVERSION = YES;
				CLANG_WARN_OBJC_ROOT_CLASS = YES_ERROR;
				CLANG_WARN_RANGE_LOOP_ANALYSIS = YES;
				CLANG_WARN_STRICT_PROTOTYPES = YES;
				CLANG_WARN_SUSPICIOUS_MOVE = YES;
				CLANG_WARN_UNGUARDED_AVAILABILITY = YES_AGGRESSIVE;
				CLANG_WARN_UNREACHABLE_CODE = YES;
				CLANG_WARN__DUPLICATE_METHOD_MATCH = YES;
				COPY_PHASE_STRIP = NO;
				DEBUG_INFORMATION_FORMAT = "dwarf-with-dsym";
				ENABLE_NS_ASSERTIONS = NO;
				ENABLE_STRICT_OBJC_MSGSEND = YES;
				GCC_C_LANGUAGE_STANDARD = gnu11;
				GCC_NO_COMMON_BLOCKS = YES;
				GCC_WARN_64_TO_32_BIT_CONVERSION = YES;
				GCC_WARN_ABOUT_RETURN_TYPE = YES_ERROR;
				GCC_WARN_UNDECLARED_SELECTOR = YES;
				GCC_WARN_UNINITIALIZED_AUTOS = YES_AGGRESSIVE;
				GCC_WARN_UNUSED_FUNCTION = YES;
				GCC_WARN_UNUSED_VARIABLE = YES;
				IPHONEOS_DEPLOYMENT_TARGET = 13.0;
				MTL_ENABLE_DEBUG_INFO = NO;
				MTL_FAST_MATH = YES;
				SDKROOT = iphoneos;
				SWIFT_COMPILATION_MODE = wholemodule;
				SWIFT_OPTIMIZATION_LEVEL = "-O";
				VALIDATE_PRODUCT = YES;
			};
			name = Release;
		};
		356967912345BE83009B84BA /* Debug */ = {
			isa = XCBuildConfiguration;
			baseConfigurationReference = 30EF423A12B2CF3CC94AFE4A /* Pods-buddeeV2.debug.xcconfig */;
			buildSettings = {
				ASSETCATALOG_COMPILER_APPICON_NAME = AppIcon;
				CODE_SIGN_STYLE = Automatic;
				DEVELOPMENT_TEAM = G8Y8Z9E76Z;
				INFOPLIST_FILE = buddeeV2/Info.plist;
				LD_RUNPATH_SEARCH_PATHS = (
					"$(inherited)",
					"@executable_path/Frameworks",
				);
				PRODUCT_BUNDLE_IDENTIFIER = com.cortex.buddee.buddeeV2;
				PRODUCT_NAME = "$(TARGET_NAME)";
				SWIFT_VERSION = 5.0;
				TARGETED_DEVICE_FAMILY = "1,2";
			};
			name = Debug;
		};
		356967922345BE83009B84BA /* Release */ = {
			isa = XCBuildConfiguration;
			baseConfigurationReference = F7AA491927A1E9C01220000F /* Pods-buddeeV2.release.xcconfig */;
			buildSettings = {
				ASSETCATALOG_COMPILER_APPICON_NAME = AppIcon;
				CODE_SIGN_STYLE = Automatic;
				DEVELOPMENT_TEAM = G8Y8Z9E76Z;
				INFOPLIST_FILE = buddeeV2/Info.plist;
				LD_RUNPATH_SEARCH_PATHS = (
					"$(inherited)",
					"@executable_path/Frameworks",
				);
				PRODUCT_BUNDLE_IDENTIFIER = com.cortex.buddee.buddeeV2;
				PRODUCT_NAME = "$(TARGET_NAME)";
				SWIFT_VERSION = 5.0;
				TARGETED_DEVICE_FAMILY = "1,2";
			};
			name = Release;
		};
		356967942345BE83009B84BA /* Debug */ = {
			isa = XCBuildConfiguration;
			baseConfigurationReference = AEE9C2A36912E2E88FDBAD59 /* Pods-buddeeV2Tests.debug.xcconfig */;
			buildSettings = {
				ALWAYS_EMBED_SWIFT_STANDARD_LIBRARIES = YES;
				BUNDLE_LOADER = "$(TEST_HOST)";
				CODE_SIGN_STYLE = Automatic;
				DEVELOPMENT_TEAM = G8Y8Z9E76Z;
				INFOPLIST_FILE = buddeeV2Tests/Info.plist;
				IPHONEOS_DEPLOYMENT_TARGET = 13.0;
				LD_RUNPATH_SEARCH_PATHS = (
					"$(inherited)",
					"@executable_path/Frameworks",
					"@loader_path/Frameworks",
				);
				PRODUCT_BUNDLE_IDENTIFIER = com.cortex.buddee.buddeeV2Tests;
				PRODUCT_NAME = "$(TARGET_NAME)";
				SWIFT_VERSION = 5.0;
				TARGETED_DEVICE_FAMILY = "1,2";
				TEST_HOST = "$(BUILT_PRODUCTS_DIR)/buddeeV2.app/buddeeV2";
			};
			name = Debug;
		};
		356967952345BE83009B84BA /* Release */ = {
			isa = XCBuildConfiguration;
			baseConfigurationReference = AD38EA7CF9BDEBC51413E930 /* Pods-buddeeV2Tests.release.xcconfig */;
			buildSettings = {
				ALWAYS_EMBED_SWIFT_STANDARD_LIBRARIES = YES;
				BUNDLE_LOADER = "$(TEST_HOST)";
				CODE_SIGN_STYLE = Automatic;
				DEVELOPMENT_TEAM = G8Y8Z9E76Z;
				INFOPLIST_FILE = buddeeV2Tests/Info.plist;
				IPHONEOS_DEPLOYMENT_TARGET = 13.0;
				LD_RUNPATH_SEARCH_PATHS = (
					"$(inherited)",
					"@executable_path/Frameworks",
					"@loader_path/Frameworks",
				);
				PRODUCT_BUNDLE_IDENTIFIER = com.cortex.buddee.buddeeV2Tests;
				PRODUCT_NAME = "$(TARGET_NAME)";
				SWIFT_VERSION = 5.0;
				TARGETED_DEVICE_FAMILY = "1,2";
				TEST_HOST = "$(BUILT_PRODUCTS_DIR)/buddeeV2.app/buddeeV2";
			};
			name = Release;
		};
/* End XCBuildConfiguration section */

/* Begin XCConfigurationList section */
		3569676C2345BE80009B84BA /* Build configuration list for PBXProject "buddeeV2" */ = {
			isa = XCConfigurationList;
			buildConfigurations = (
				3569678E2345BE83009B84BA /* Debug */,
				3569678F2345BE83009B84BA /* Release */,
			);
			defaultConfigurationIsVisible = 0;
			defaultConfigurationName = Release;
		};
		356967902345BE83009B84BA /* Build configuration list for PBXNativeTarget "buddeeV2" */ = {
			isa = XCConfigurationList;
			buildConfigurations = (
				356967912345BE83009B84BA /* Debug */,
				356967922345BE83009B84BA /* Release */,
			);
			defaultConfigurationIsVisible = 0;
			defaultConfigurationName = Release;
		};
		356967932345BE83009B84BA /* Build configuration list for PBXNativeTarget "buddeeV2Tests" */ = {
			isa = XCConfigurationList;
			buildConfigurations = (
				356967942345BE83009B84BA /* Debug */,
				356967952345BE83009B84BA /* Release */,
			);
			defaultConfigurationIsVisible = 0;
			defaultConfigurationName = Release;
		};
/* End XCConfigurationList section */
	};
	rootObject = 356967692345BE80009B84BA /* Project object */;
}
